
Microsoft Visual Studio Solution File, Format Version 12.00
Project("{FAE04EC0-301F-11D3-BF4B-00C04F79EFBC}") = "VKMiniAppsAuthentication", "VKMiniAppsAuthentication\VKMiniAppsAuthentication.csproj", "{D22FA9EE-37A9-40E5-B03E-9C4602F9B9E4}"
EndProject
Project("{FAE04EC0-301F-11D3-BF4B-00C04F79EFBC}") = "VKMiniAppsAuthentication.Tests", "VKMiniAppsAuthentication.Tests\VKMiniAppsAuthentication.Tests.csproj", "{AA2F765B-7857-4FC7-8CE4-BACD54E9E398}"
EndProject
Project("{FAE04EC0-301F-11D3-BF4B-00C04F79EFBC}") = "VKMiniAppsAuthentication.AspNetCore", "VKMiniAppsAuthentication.AspNetCore\VKMiniAppsAuthentication.AspNetCore.csproj", "{9045D492-7834-4C79-9B33-342FB07FDE05}"
EndProject
Global
	GlobalSection(SolutionConfigurationPlatforms) = preSolution
		Debug|Any CPU = Debug|Any CPU
		Release|Any CPU = Release|Any CPU
	EndGlobalSection
	GlobalSection(ProjectConfigurationPlatforms) = postSolution
		{D22FA9EE-37A9-40E5-B03E-9C4602F9B9E4}.Debug|Any CPU.ActiveCfg = Debug|Any CPU
		{D22FA9EE-37A9-40E5-B03E-9C4602F9B9E4}.Debug|Any CPU.Build.0 = Debug|Any CPU
		{D22FA9EE-37A9-40E5-B03E-9C4602F9B9E4}.Release|Any CPU.ActiveCfg = Release|Any CPU
		{D22FA9EE-37A9-40E5-B03E-9C4602F9B9E4}.Release|Any CPU.Build.0 = Release|Any CPU
		{AA2F765B-7857-4FC7-8CE4-BACD54E9E398}.Debug|Any CPU.ActiveCfg = Debug|Any CPU
		{AA2F765B-7857-4FC7-8CE4-BACD54E9E398}.Debug|Any CPU.Build.0 = Debug|Any CPU
		{AA2F765B-7857-4FC7-8CE4-BACD54E9E398}.Release|Any CPU.ActiveCfg = Release|Any CPU
		{AA2F765B-7857-4FC7-8CE4-BACD54E9E398}.Release|Any CPU.Build.0 = Release|Any CPU
		{9045D492-7834-4C79-9B33-342FB07FDE05}.Debug|Any CPU.ActiveCfg = Debug|Any CPU
		{9045D492-7834-4C79-9B33-342FB07FDE05}.Debug|Any CPU.Build.0 = Debug|Any CPU
		{9045D492-7834-4C79-9B33-342FB07FDE05}.Release|Any CPU.ActiveCfg = Release|Any CPU
		{9045D492-7834-4C79-9B33-342FB07FDE05}.Release|Any CPU.Build.0 = Release|Any CPU
	EndGlobalSection
EndGlobal
